
Microsoft Visual Studio Solution File, Format Version 12.00
# Visual Studio Version 17
VisualStudioVersion = 17.13.35806.99 d17.13
MinimumVisualStudioVersion = 10.0.40219.1
Project("{FAE04EC0-301F-11D3-BF4B-00C04F79EFBC}") = "EShopService", "EShopService\EShopService.csproj", "{91F81F87-AF68-44A9-9614-295C7FC0515E}"
EndProject
Project("{FAE04EC0-301F-11D3-BF4B-00C04F79EFBC}") = "EShopApplication", "EShopApplication\EShopApplication.csproj", "{8FC60E89-C5F8-470C-A09E-270A070632A5}"
EndProject
Project("{FAE04EC0-301F-11D3-BF4B-00C04F79EFBC}") = "EShopApplicationTests", "EShopApplicationTests\EShopApplicationTests.csproj", "{D9F1A128-AF09-4B3D-975A-FE3863701122}"
EndProject
Project("{FAE04EC0-301F-11D3-BF4B-00C04F79EFBC}") = "EShopDomain", "EShopDomain\EShopDomain.csproj", "{21F4CB8C-2192-48CF-9453-8D5CB51FB101}"
EndProject
Project("{FAE04EC0-301F-11D3-BF4B-00C04F79EFBC}") = "EShopDomainTest", "EShopDomainTest\EShopDomainTest.csproj", "{CA50BD1F-83F6-458C-8576-9B974912ED1E}"
EndProject
Project("{FAE04EC0-301F-11D3-BF4B-00C04F79EFBC}") = "EShopServiceTests", "EShopServiceTests\EShopServiceTests.csproj", "{7E345203-1339-42F3-BEC9-709F23225FF7}"
EndProject
Project("{FAE04EC0-301F-11D3-BF4B-00C04F79EFBC}") = "EShopServiceIntegrationTests", "EShopServiceIntegrationTests\EShopServiceIntegrationTests.csproj", "{825C5713-3EE1-4E97-80B6-8D3481EDAA0F}"
EndProject
Project("{2150E333-8FDC-42A3-9474-1A3956D46DE8}") = "User", "User", "{D6CFE289-39AE-4035-90F9-87F3EA23764A}"
EndProject
Project("{FAE04EC0-301F-11D3-BF4B-00C04F79EFBC}") = "UserService", "UserService\UserService.csproj", "{D7FE5ECE-A5BB-4D5A-B733-11054A79E85A}"
EndProject
Project("{FAE04EC0-301F-11D3-BF4B-00C04F79EFBC}") = "UserDomain", "UserDomain\UserDomain.csproj", "{F4978E2E-E81A-4296-95D9-7D6D8AE5BEE5}"
EndProject
Project("{FAE04EC0-301F-11D3-BF4B-00C04F79EFBC}") = "UserApplication", "UserApplication\UserApplication.csproj", "{5220B604-32E9-4853-AE31-C329911FFD30}"
EndProject
Global
	GlobalSection(SolutionConfigurationPlatforms) = preSolution
		Debug|Any CPU = Debug|Any CPU
		Release|Any CPU = Release|Any CPU
	EndGlobalSection
	GlobalSection(ProjectConfigurationPlatforms) = postSolution
		{91F81F87-AF68-44A9-9614-295C7FC0515E}.Debug|Any CPU.ActiveCfg = Debug|Any CPU
		{91F81F87-AF68-44A9-9614-295C7FC0515E}.Debug|Any CPU.Build.0 = Debug|Any CPU
		{91F81F87-AF68-44A9-9614-295C7FC0515E}.Release|Any CPU.ActiveCfg = Release|Any CPU
		{91F81F87-AF68-44A9-9614-295C7FC0515E}.Release|Any CPU.Build.0 = Release|Any CPU
		{8FC60E89-C5F8-470C-A09E-270A070632A5}.Debug|Any CPU.ActiveCfg = Debug|Any CPU
		{8FC60E89-C5F8-470C-A09E-270A070632A5}.Debug|Any CPU.Build.0 = Debug|Any CPU
		{8FC60E89-C5F8-470C-A09E-270A070632A5}.Release|Any CPU.ActiveCfg = Release|Any CPU
		{8FC60E89-C5F8-470C-A09E-270A070632A5}.Release|Any CPU.Build.0 = Release|Any CPU
		{D9F1A128-AF09-4B3D-975A-FE3863701122}.Debug|Any CPU.ActiveCfg = Debug|Any CPU
		{D9F1A128-AF09-4B3D-975A-FE3863701122}.Debug|Any CPU.Build.0 = Debug|Any CPU
		{D9F1A128-AF09-4B3D-975A-FE3863701122}.Release|Any CPU.ActiveCfg = Release|Any CPU
		{D9F1A128-AF09-4B3D-975A-FE3863701122}.Release|Any CPU.Build.0 = Release|Any CPU
		{21F4CB8C-2192-48CF-9453-8D5CB51FB101}.Debug|Any CPU.ActiveCfg = Debug|Any CPU
		{21F4CB8C-2192-48CF-9453-8D5CB51FB101}.Debug|Any CPU.Build.0 = Debug|Any CPU
		{21F4CB8C-2192-48CF-9453-8D5CB51FB101}.Release|Any CPU.ActiveCfg = Release|Any CPU
		{21F4CB8C-2192-48CF-9453-8D5CB51FB101}.Release|Any CPU.Build.0 = Release|Any CPU
		{CA50BD1F-83F6-458C-8576-9B974912ED1E}.Debug|Any CPU.ActiveCfg = Debug|Any CPU
		{CA50BD1F-83F6-458C-8576-9B974912ED1E}.Debug|Any CPU.Build.0 = Debug|Any CPU
		{CA50BD1F-83F6-458C-8576-9B974912ED1E}.Release|Any CPU.ActiveCfg = Release|Any CPU
		{CA50BD1F-83F6-458C-8576-9B974912ED1E}.Release|Any CPU.Build.0 = Release|Any CPU
		{7E345203-1339-42F3-BEC9-709F23225FF7}.Debug|Any CPU.ActiveCfg = Debug|Any CPU
		{7E345203-1339-42F3-BEC9-709F23225FF7}.Debug|Any CPU.Build.0 = Debug|Any CPU
		{7E345203-1339-42F3-BEC9-709F23225FF7}.Release|Any CPU.ActiveCfg = Release|Any CPU
		{7E345203-1339-42F3-BEC9-709F23225FF7}.Release|Any CPU.Build.0 = Release|Any CPU
		{825C5713-3EE1-4E97-80B6-8D3481EDAA0F}.Debug|Any CPU.ActiveCfg = Debug|Any CPU
		{825C5713-3EE1-4E97-80B6-8D3481EDAA0F}.Debug|Any CPU.Build.0 = Debug|Any CPU
		{825C5713-3EE1-4E97-80B6-8D3481EDAA0F}.Release|Any CPU.ActiveCfg = Release|Any CPU
		{825C5713-3EE1-4E97-80B6-8D3481EDAA0F}.Release|Any CPU.Build.0 = Release|Any CPU
		{D7FE5ECE-A5BB-4D5A-B733-11054A79E85A}.Debug|Any CPU.ActiveCfg = Debug|Any CPU
		{D7FE5ECE-A5BB-4D5A-B733-11054A79E85A}.Debug|Any CPU.Build.0 = Debug|Any CPU
		{D7FE5ECE-A5BB-4D5A-B733-11054A79E85A}.Release|Any CPU.ActiveCfg = Release|Any CPU
		{D7FE5ECE-A5BB-4D5A-B733-11054A79E85A}.Release|Any CPU.Build.0 = Release|Any CPU
		{F4978E2E-E81A-4296-95D9-7D6D8AE5BEE5}.Debug|Any CPU.ActiveCfg = Debug|Any CPU
		{F4978E2E-E81A-4296-95D9-7D6D8AE5BEE5}.Debug|Any CPU.Build.0 = Debug|Any CPU
		{F4978E2E-E81A-4296-95D9-7D6D8AE5BEE5}.Release|Any CPU.ActiveCfg = Release|Any CPU
		{F4978E2E-E81A-4296-95D9-7D6D8AE5BEE5}.Release|Any CPU.Build.0 = Release|Any CPU
		{5220B604-32E9-4853-AE31-C329911FFD30}.Debug|Any CPU.ActiveCfg = Debug|Any CPU
		{5220B604-32E9-4853-AE31-C329911FFD30}.Debug|Any CPU.Build.0 = Debug|Any CPU
		{5220B604-32E9-4853-AE31-C329911FFD30}.Release|Any CPU.ActiveCfg = Release|Any CPU
		{5220B604-32E9-4853-AE31-C329911FFD30}.Release|Any CPU.Build.0 = Release|Any CPU
	EndGlobalSection
	GlobalSection(SolutionProperties) = preSolution
		HideSolutionNode = FALSE
	EndGlobalSection
	GlobalSection(ExtensibilityGlobals) = postSolution
		SolutionGuid = {233E5992-9E95-4D32-9DB9-747ADC5A4A0B}
	EndGlobalSection
	GlobalSection(NestedProjects) = preSolution
		{D7FE5ECE-A5BB-4D5A-B733-11054A79E85A} = {D6CFE289-39AE-4035-90F9-87F3EA23764A}
		{F4978E2E-E81A-4296-95D9-7D6D8AE5BEE5} = {D6CFE289-39AE-4035-90F9-87F3EA23764A}
		{5220B604-32E9-4853-AE31-C329911FFD30} = {D6CFE289-39AE-4035-90F9-87F3EA23764A}
	EndGlobalSection
EndGlobal
